
Microsoft Visual Studio Solution File, Format Version 12.00
# Visual Studio Version 17
VisualStudioVersion = 17.10.35013.160
MinimumVisualStudioVersion = 10.0.40219.1
Project("{9A19103F-16F7-4668-BE54-9A1E7A4F7556}") = "TestTask.DAL", "TestTask.DAL\TestTask.DAL.csproj", "{F26769E3-A5C6-451C-8B45-DB3FC2D4B8F8}"
EndProject
Project("{9A19103F-16F7-4668-BE54-9A1E7A4F7556}") = "TestTask.BLL", "TestTask.BLL\TestTask.BLL.csproj", "{AD495AAE-9869-43B2-BBB7-BD8954FBB02E}"
EndProject
Project("{FAE04EC0-301F-11D3-BF4B-00C04F79EFBC}") = "TestTask.Web", "TestTask.Web\TestTask.Web.csproj", "{D957BF2B-F0F0-4B11-8FF1-129AC528AD01}"
EndProject
Global
	GlobalSection(SolutionConfigurationPlatforms) = preSolution
		Debug|Any CPU = Debug|Any CPU
		Release|Any CPU = Release|Any CPU
	EndGlobalSection
	GlobalSection(ProjectConfigurationPlatforms) = postSolution
		{F26769E3-A5C6-451C-8B45-DB3FC2D4B8F8}.Debug|Any CPU.ActiveCfg = Debug|Any CPU
		{F26769E3-A5C6-451C-8B45-DB3FC2D4B8F8}.Debug|Any CPU.Build.0 = Debug|Any CPU
		{F26769E3-A5C6-451C-8B45-DB3FC2D4B8F8}.Release|Any CPU.ActiveCfg = Release|Any CPU
		{F26769E3-A5C6-451C-8B45-DB3FC2D4B8F8}.Release|Any CPU.Build.0 = Release|Any CPU
		{AD495AAE-9869-43B2-BBB7-BD8954FBB02E}.Debug|Any CPU.ActiveCfg = Debug|Any CPU
		{AD495AAE-9869-43B2-BBB7-BD8954FBB02E}.Debug|Any CPU.Build.0 = Debug|Any CPU
		{AD495AAE-9869-43B2-BBB7-BD8954FBB02E}.Release|Any CPU.ActiveCfg = Release|Any CPU
		{AD495AAE-9869-43B2-BBB7-BD8954FBB02E}.Release|Any CPU.Build.0 = Release|Any CPU
		{D957BF2B-F0F0-4B11-8FF1-129AC528AD01}.Debug|Any CPU.ActiveCfg = Debug|Any CPU
		{D957BF2B-F0F0-4B11-8FF1-129AC528AD01}.Debug|Any CPU.Build.0 = Debug|Any CPU
		{D957BF2B-F0F0-4B11-8FF1-129AC528AD01}.Release|Any CPU.ActiveCfg = Release|Any CPU
		{D957BF2B-F0F0-4B11-8FF1-129AC528AD01}.Release|Any CPU.Build.0 = Release|Any CPU
	EndGlobalSection
	GlobalSection(SolutionProperties) = preSolution
		HideSolutionNode = FALSE
	EndGlobalSection
	GlobalSection(ExtensibilityGlobals) = postSolution
		SolutionGuid = {E2D5468A-38B0-452E-939A-AB158CCF7A5C}
	EndGlobalSection
EndGlobal
